
Microsoft Visual Studio Solution File, Format Version 12.00
# Visual Studio 2017
Project("{FAE04EC0-301F-11D3-BF4B-00C04F79EFBC}") = "AR_Defender_1026", "AR_Defender_1026.csproj", "{D47CAEF1-6DBB-4B1B-897B-580DB6150D52}"
EndProject
Project("{FAE04EC0-301F-11D3-BF4B-00C04F79EFBC}") = "AR_Defender_1026.Editor", "AR_Defender_1026.Editor.csproj", "{3D6D078F-D1BD-D02B-F04B-1B03AB739929}"
EndProject
Global
	GlobalSection(SolutionConfigurationPlatforms) = preSolution
		Debug|Any CPU = Debug|Any CPU
		Release|Any CPU = Release|Any CPU
	EndGlobalSection
	GlobalSection(ProjectConfigurationPlatforms) = postSolution
		{D47CAEF1-6DBB-4B1B-897B-580DB6150D52}.Debug|Any CPU.ActiveCfg = Debug|Any CPU
		{D47CAEF1-6DBB-4B1B-897B-580DB6150D52}.Debug|Any CPU.Build.0 = Debug|Any CPU
		{D47CAEF1-6DBB-4B1B-897B-580DB6150D52}.Release|Any CPU.ActiveCfg = Release|Any CPU
		{D47CAEF1-6DBB-4B1B-897B-580DB6150D52}.Release|Any CPU.Build.0 = Release|Any CPU
		{3D6D078F-D1BD-D02B-F04B-1B03AB739929}.Debug|Any CPU.ActiveCfg = Debug|Any CPU
		{3D6D078F-D1BD-D02B-F04B-1B03AB739929}.Debug|Any CPU.Build.0 = Debug|Any CPU
		{3D6D078F-D1BD-D02B-F04B-1B03AB739929}.Release|Any CPU.ActiveCfg = Release|Any CPU
		{3D6D078F-D1BD-D02B-F04B-1B03AB739929}.Release|Any CPU.Build.0 = Release|Any CPU
	EndGlobalSection
	GlobalSection(SolutionProperties) = preSolution
		HideSolutionNode = FALSE
	EndGlobalSection
EndGlobal
